// !$*UTF8*$!
{
	archiveVersion = 1;
	classes = {
	};
	objectVersion = 54;
	objects = {

/* Begin PBXBuildFile section */
		847BB51F28E7DCC60072114F /* UITableViewCell+Extension.swift in Sources */ = {isa = PBXBuildFile; fileRef = 847BB51E28E7DCC60072114F /* UITableViewCell+Extension.swift */; };
		8480409A28E5DEE200E66E70 /* ListTableViewController.swift in Sources */ = {isa = PBXBuildFile; fileRef = 8480409928E5DEE200E66E70 /* ListTableViewController.swift */; };
		8480409C28E5E65E00E66E70 /* YoutubeViewController.swift in Sources */ = {isa = PBXBuildFile; fileRef = 8480409B28E5E65E00E66E70 /* YoutubeViewController.swift */; };
		84A7EC9E28E561D200CDD2BD /* AppDelegate.swift in Sources */ = {isa = PBXBuildFile; fileRef = 84A7EC9D28E561D200CDD2BD /* AppDelegate.swift */; };
		84A7ECA028E561D200CDD2BD /* SceneDelegate.swift in Sources */ = {isa = PBXBuildFile; fileRef = 84A7EC9F28E561D200CDD2BD /* SceneDelegate.swift */; };
		84A7ECA528E561D200CDD2BD /* Main.storyboard in Resources */ = {isa = PBXBuildFile; fileRef = 84A7ECA328E561D200CDD2BD /* Main.storyboard */; };
		84A7ECA728E561D200CDD2BD /* Assets.xcassets in Resources */ = {isa = PBXBuildFile; fileRef = 84A7ECA628E561D200CDD2BD /* Assets.xcassets */; };
		84A7ECAA28E561D200CDD2BD /* LaunchScreen.storyboard in Resources */ = {isa = PBXBuildFile; fileRef = 84A7ECA828E561D200CDD2BD /* LaunchScreen.storyboard */; };
		84A7ECB228E563BC00CDD2BD /* Film.swift in Sources */ = {isa = PBXBuildFile; fileRef = 84A7ECB128E563BC00CDD2BD /* Film.swift */; };
		84A7ECB428E5646000CDD2BD /* Series.swift in Sources */ = {isa = PBXBuildFile; fileRef = 84A7ECB328E5646000CDD2BD /* Series.swift */; };
		84A7ECB928E5686E00CDD2BD /* MovieTableViewCell.swift in Sources */ = {isa = PBXBuildFile; fileRef = 84A7ECB828E5686E00CDD2BD /* MovieTableViewCell.swift */; };
		84C725A928E7431200E9C73F /* Genkaimincho.ttf in Resources */ = {isa = PBXBuildFile; fileRef = 84C725A828E7431200E9C73F /* Genkaimincho.ttf */; };
		84C725AB28E7431F00E9C73F /* Huiwen-mincho.otf in Resources */ = {isa = PBXBuildFile; fileRef = 84C725AA28E7431F00E9C73F /* Huiwen-mincho.otf */; };
/* End PBXBuildFile section */

/* Begin PBXFileReference section */
		847BB51E28E7DCC60072114F /* UITableViewCell+Extension.swift */ = {isa = PBXFileReference; lastKnownFileType = sourcecode.swift; path = "UITableViewCell+Extension.swift"; sourceTree = "<group>"; };
		8480409928E5DEE200E66E70 /* ListTableViewController.swift */ = {isa = PBXFileReference; lastKnownFileType = sourcecode.swift; path = ListTableViewController.swift; sourceTree = "<group>"; };
		8480409B28E5E65E00E66E70 /* YoutubeViewController.swift */ = {isa = PBXFileReference; lastKnownFileType = sourcecode.swift; path = YoutubeViewController.swift; sourceTree = "<group>"; };
		84A7EC9A28E561D200CDD2BD /* movieList_customTable.app */ = {isa = PBXFileReference; explicitFileType = wrapper.application; includeInIndex = 0; path = movieList_customTable.app; sourceTree = BUILT_PRODUCTS_DIR; };
		84A7EC9D28E561D200CDD2BD /* AppDelegate.swift */ = {isa = PBXFileReference; lastKnownFileType = sourcecode.swift; path = AppDelegate.swift; sourceTree = "<group>"; };
		84A7EC9F28E561D200CDD2BD /* SceneDelegate.swift */ = {isa = PBXFileReference; lastKnownFileType = sourcecode.swift; path = SceneDelegate.swift; sourceTree = "<group>"; };
		84A7ECA428E561D200CDD2BD /* Base */ = {isa = PBXFileReference; lastKnownFileType = file.storyboard; name = Base; path = Base.lproj/Main.storyboard; sourceTree = "<group>"; };
		84A7ECA628E561D200CDD2BD /* Assets.xcassets */ = {isa = PBXFileReference; lastKnownFileType = folder.assetcatalog; path = Assets.xcassets; sourceTree = "<group>"; };
		84A7ECA928E561D200CDD2BD /* Base */ = {isa = PBXFileReference; lastKnownFileType = file.storyboard; name = Base; path = Base.lproj/LaunchScreen.storyboard; sourceTree = "<group>"; };
		84A7ECAB28E561D200CDD2BD /* Info.plist */ = {isa = PBXFileReference; lastKnownFileType = text.plist.xml; path = Info.plist; sourceTree = "<group>"; };
		84A7ECB128E563BC00CDD2BD /* Film.swift */ = {isa = PBXFileReference; lastKnownFileType = sourcecode.swift; path = Film.swift; sourceTree = "<group>"; };
		84A7ECB328E5646000CDD2BD /* Series.swift */ = {isa = PBXFileReference; lastKnownFileType = sourcecode.swift; path = Series.swift; sourceTree = "<group>"; };
		84A7ECB828E5686E00CDD2BD /* MovieTableViewCell.swift */ = {isa = PBXFileReference; lastKnownFileType = sourcecode.swift; path = MovieTableViewCell.swift; sourceTree = "<group>"; };
		84C725A828E7431200E9C73F /* Genkaimincho.ttf */ = {isa = PBXFileReference; lastKnownFileType = file; path = Genkaimincho.ttf; sourceTree = "<group>"; };
		84C725AA28E7431F00E9C73F /* Huiwen-mincho.otf */ = {isa = PBXFileReference; lastKnownFileType = file; path = "Huiwen-mincho.otf"; sourceTree = "<group>"; };
/* End PBXFileReference section */

/* Begin PBXFrameworksBuildPhase section */
		84A7EC9728E561D200CDD2BD /* Frameworks */ = {
			isa = PBXFrameworksBuildPhase;
			buildActionMask = 2147483647;
			files = (
			);
			runOnlyForDeploymentPostprocessing = 0;
		};
/* End PBXFrameworksBuildPhase section */

/* Begin PBXGroup section */
		847BB51B28E7DB9A0072114F /* View controllers */ = {
			isa = PBXGroup;
			children = (
				8480409928E5DEE200E66E70 /* ListTableViewController.swift */,
				8480409B28E5E65E00E66E70 /* YoutubeViewController.swift */,
			);
			path = "View controllers";
			sourceTree = "<group>";
		};
		847BB51C28E7DBB20072114F /* Models */ = {
			isa = PBXGroup;
			children = (
				84A7ECB128E563BC00CDD2BD /* Film.swift */,
				84A7ECB328E5646000CDD2BD /* Series.swift */,
			);
			path = Models;
			sourceTree = "<group>";
		};
		847BB51D28E7DBE70072114F /* Views */ = {
			isa = PBXGroup;
			children = (
				84A7ECB828E5686E00CDD2BD /* MovieTableViewCell.swift */,
				847BB51E28E7DCC60072114F /* UITableViewCell+Extension.swift */,
			);
			path = Views;
			sourceTree = "<group>";
		};
		84A7EC9128E561D200CDD2BD = {
			isa = PBXGroup;
			children = (
				84A7EC9C28E561D200CDD2BD /* movieList_customTable */,
				84A7EC9B28E561D200CDD2BD /* Products */,
			);
			sourceTree = "<group>";
		};
		84A7EC9B28E561D200CDD2BD /* Products */ = {
			isa = PBXGroup;
			children = (
				84A7EC9A28E561D200CDD2BD /* movieList_customTable.app */,
			);
			name = Products;
			sourceTree = "<group>";
		};
		84A7EC9C28E561D200CDD2BD /* movieList_customTable */ = {
			isa = PBXGroup;
			children = (
				84A7EC9D28E561D200CDD2BD /* AppDelegate.swift */,
				84A7EC9F28E561D200CDD2BD /* SceneDelegate.swift */,
				84A7ECA828E561D200CDD2BD /* LaunchScreen.storyboard */,
				84A7ECA328E561D200CDD2BD /* Main.storyboard */,
				84A7ECA628E561D200CDD2BD /* Assets.xcassets */,
				847BB51C28E7DBB20072114F /* Models */,
				847BB51D28E7DBE70072114F /* Views */,
				847BB51B28E7DB9A0072114F /* View controllers */,
				84A7ECAB28E561D200CDD2BD /* Info.plist */,
				84C725A828E7431200E9C73F /* Genkaimincho.ttf */,
				84C725AA28E7431F00E9C73F /* Huiwen-mincho.otf */,
			);
			path = movieList_customTable;
			sourceTree = "<group>";
		};
/* End PBXGroup section */

/* Begin PBXNativeTarget section */
		84A7EC9928E561D200CDD2BD /* movieList_customTable */ = {
			isa = PBXNativeTarget;
			buildConfigurationList = 84A7ECAE28E561D200CDD2BD /* Build configuration list for PBXNativeTarget "movieList_customTable" */;
			buildPhases = (
				84A7EC9628E561D200CDD2BD /* Sources */,
				84A7EC9728E561D200CDD2BD /* Frameworks */,
				84A7EC9828E561D200CDD2BD /* Resources */,
			);
			buildRules = (
			);
			dependencies = (
			);
			name = movieList_customTable;
			productName = movieList_customTable;
			productReference = 84A7EC9A28E561D200CDD2BD /* movieList_customTable.app */;
			productType = "com.apple.product-type.application";
		};
/* End PBXNativeTarget section */

/* Begin PBXProject section */
		84A7EC9228E561D200CDD2BD /* Project object */ = {
			isa = PBXProject;
			attributes = {
				BuildIndependentTargetsInParallel = 1;
				LastSwiftUpdateCheck = 1400;
				LastUpgradeCheck = 1400;
				TargetAttributes = {
					84A7EC9928E561D200CDD2BD = {
						CreatedOnToolsVersion = 14.0;
					};
				};
			};
			buildConfigurationList = 84A7EC9528E561D200CDD2BD /* Build configuration list for PBXProject "movieList_customTable" */;
			compatibilityVersion = "Xcode 12.0";
			developmentRegion = en;
			hasScannedForEncodings = 0;
			knownRegions = (
				en,
				Base,
			);
			mainGroup = 84A7EC9128E561D200CDD2BD;
			productRefGroup = 84A7EC9B28E561D200CDD2BD /* Products */;
			projectDirPath = "";
			projectRoot = "";
			targets = (
				84A7EC9928E561D200CDD2BD /* movieList_customTable */,
			);
		};
/* End PBXProject section */

/* Begin PBXResourcesBuildPhase section */
		84A7EC9828E561D200CDD2BD /* Resources */ = {
			isa = PBXResourcesBuildPhase;
			buildActionMask = 2147483647;
			files = (
				84A7ECAA28E561D200CDD2BD /* LaunchScreen.storyboard in Resources */,
				84A7ECA728E561D200CDD2BD /* Assets.xcassets in Resources */,
				84A7ECA528E561D200CDD2BD /* Main.storyboard in Resources */,
				84C725AB28E7431F00E9C73F /* Huiwen-mincho.otf in Resources */,
				84C725A928E7431200E9C73F /* Genkaimincho.ttf in Resources */,
			);
			runOnlyForDeploymentPostprocessing = 0;
		};
/* End PBXResourcesBuildPhase section */

/* Begin PBXSourcesBuildPhase section */
		84A7EC9628E561D200CDD2BD /* Sources */ = {
			isa = PBXSourcesBuildPhase;
			buildActionMask = 2147483647;
			files = (
				84A7ECB228E563BC00CDD2BD /* Film.swift in Sources */,
				8480409C28E5E65E00E66E70 /* YoutubeViewController.swift in Sources */,
				84A7ECB928E5686E00CDD2BD /* MovieTableViewCell.swift in Sources */,
				847BB51F28E7DCC60072114F /* UITableViewCell+Extension.swift in Sources */,
				84A7EC9E28E561D200CDD2BD /* AppDelegate.swift in Sources */,
				84A7ECA028E561D200CDD2BD /* SceneDelegate.swift in Sources */,
				84A7ECB428E5646000CDD2BD /* Series.swift in Sources */,
				8480409A28E5DEE200E66E70 /* ListTableViewController.swift in Sources */,
			);
			runOnlyForDeploymentPostprocessing = 0;
		};
/* End PBXSourcesBuildPhase section */

/* Begin PBXVariantGroup section */
		84A7ECA328E561D200CDD2BD /* Main.storyboard */ = {
			isa = PBXVariantGroup;
			children = (
				84A7ECA428E561D200CDD2BD /* Base */,
			);
			name = Main.storyboard;
			sourceTree = "<group>";
		};
		84A7ECA828E561D200CDD2BD /* LaunchScreen.storyboard */ = {
			isa = PBXVariantGroup;
			children = (
				84A7ECA928E561D200CDD2BD /* Base */,
			);
			name = LaunchScreen.storyboard;
			sourceTree = "<group>";
		};
/* End PBXVariantGroup section */

/* Begin XCBuildConfiguration section */
		84A7ECAC28E561D200CDD2BD /* Debug */ = {
			isa = XCBuildConfiguration;
			buildSettings = {
				ALWAYS_SEARCH_USER_PATHS = NO;
				CLANG_ANALYZER_NONNULL = YES;
				CLANG_ANALYZER_NUMBER_OBJECT_CONVERSION = YES_AGGRESSIVE;
				CLANG_CXX_LANGUAGE_STANDARD = "gnu++20";
				CLANG_ENABLE_MODULES = YES;
				CLANG_ENABLE_OBJC_ARC = YES;
				CLANG_ENABLE_OBJC_WEAK = YES;
				CLANG_WARN_BLOCK_CAPTURE_AUTORELEASING = YES;
				CLANG_WARN_BOOL_CONVERSION = YES;
				CLANG_WARN_COMMA = YES;
				CLANG_WARN_CONSTANT_CONVERSION = YES;
				CLANG_WARN_DEPRECATED_OBJC_IMPLEMENTATIONS = YES;
				CLANG_WARN_DIRECT_OBJC_ISA_USAGE = YES_ERROR;
				CLANG_WARN_DOCUMENTATION_COMMENTS = YES;
				CLANG_WARN_EMPTY_BODY = YES;
				CLANG_WARN_ENUM_CONVERSION = YES;
				CLANG_WARN_INFINITE_RECURSION = YES;
				CLANG_WARN_INT_CONVERSION = YES;
				CLANG_WARN_NON_LITERAL_NULL_CONVERSION = YES;
				CLANG_WARN_OBJC_IMPLICIT_RETAIN_SELF = YES;
				CLANG_WARN_OBJC_LITERAL_CONVERSION = YES;
				CLANG_WARN_OBJC_ROOT_CLASS = YES_ERROR;
				CLANG_WARN_QUOTED_INCLUDE_IN_FRAMEWORK_HEADER = YES;
				CLANG_WARN_RANGE_LOOP_ANALYSIS = YES;
				CLANG_WARN_STRICT_PROTOTYPES = YES;
				CLANG_WARN_SUSPICIOUS_MOVE = YES;
				CLANG_WARN_UNGUARDED_AVAILABILITY = YES_AGGRESSIVE;
				CLANG_WARN_UNREACHABLE_CODE = YES;
				CLANG_WARN__DUPLICATE_METHOD_MATCH = YES;
				COPY_PHASE_STRIP = NO;
				DEBUG_INFORMATION_FORMAT = dwarf;
				ENABLE_STRICT_OBJC_MSGSEND = YES;
				ENABLE_TESTABILITY = YES;
				GCC_C_LANGUAGE_STANDARD = gnu11;
				GCC_DYNAMIC_NO_PIC = NO;
				GCC_NO_COMMON_BLOCKS = YES;
				GCC_OPTIMIZATION_LEVEL = 0;
				GCC_PREPROCESSOR_DEFINITIONS = (
					"DEBUG=1",
					"$(inherited)",
				);
				GCC_WARN_64_TO_32_BIT_CONVERSION = YES;
				GCC_WARN_ABOUT_RETURN_TYPE = YES_ERROR;
				GCC_WARN_UNDECLARED_SELECTOR = YES;
				GCC_WARN_UNINITIALIZED_AUTOS = YES_AGGRESSIVE;
				GCC_WARN_UNUSED_FUNCTION = YES;
				GCC_WARN_UNUSED_VARIABLE = YES;
				IPHONEOS_DEPLOYMENT_TARGET = 16.0;
				MTL_ENABLE_DEBUG_INFO = INCLUDE_SOURCE;
				MTL_FAST_MATH = YES;
				ONLY_ACTIVE_ARCH = YES;
				SDKROOT = iphoneos;
				SWIFT_ACTIVE_COMPILATION_CONDITIONS = DEBUG;
				SWIFT_OPTIMIZATION_LEVEL = "-Onone";
			};
			name = Debug;
		};
		84A7ECAD28E561D200CDD2BD /* Release */ = {
			isa = XCBuildConfiguration;
			buildSettings = {
				ALWAYS_SEARCH_USER_PATHS = NO;
				CLANG_ANALYZER_NONNULL = YES;
				CLANG_ANALYZER_NUMBER_OBJECT_CONVERSION = YES_AGGRESSIVE;
				CLANG_CXX_LANGUAGE_STANDARD = "gnu++20";
				CLANG_ENABLE_MODULES = YES;
				CLANG_ENABLE_OBJC_ARC = YES;
				CLANG_ENABLE_OBJC_WEAK = YES;
				CLANG_WARN_BLOCK_CAPTURE_AUTORELEASING = YES;
				CLANG_WARN_BOOL_CONVERSION = YES;
				CLANG_WARN_COMMA = YES;
				CLANG_WARN_CONSTANT_CONVERSION = YES;
				CLANG_WARN_DEPRECATED_OBJC_IMPLEMENTATIONS = YES;
				CLANG_WARN_DIRECT_OBJC_ISA_USAGE = YES_ERROR;
				CLANG_WARN_DOCUMENTATION_COMMENTS = YES;
				CLANG_WARN_EMPTY_BODY = YES;
				CLANG_WARN_ENUM_CONVERSION = YES;
				CLANG_WARN_INFINITE_RECURSION = YES;
				CLANG_WARN_INT_CONVERSION = YES;
				CLANG_WARN_NON_LITERAL_NULL_CONVERSION = YES;
				CLANG_WARN_OBJC_IMPLICIT_RETAIN_SELF = YES;
				CLANG_WARN_OBJC_LITERAL_CONVERSION = YES;
				CLANG_WARN_OBJC_ROOT_CLASS = YES_ERROR;
				CLANG_WARN_QUOTED_INCLUDE_IN_FRAMEWORK_HEADER = YES;
				CLANG_WARN_RANGE_LOOP_ANALYSIS = YES;
				CLANG_WARN_STRICT_PROTOTYPES = YES;
				CLANG_WARN_SUSPICIOUS_MOVE = YES;
				CLANG_WARN_UNGUARDED_AVAILABILITY = YES_AGGRESSIVE;
				CLANG_WARN_UNREACHABLE_CODE = YES;
				CLANG_WARN__DUPLICATE_METHOD_MATCH = YES;
				COPY_PHASE_STRIP = NO;
				DEBUG_INFORMATION_FORMAT = "dwarf-with-dsym";
				ENABLE_NS_ASSERTIONS = NO;
				ENABLE_STRICT_OBJC_MSGSEND = YES;
				GCC_C_LANGUAGE_STANDARD = gnu11;
				GCC_NO_COMMON_BLOCKS = YES;
				GCC_WARN_64_TO_32_BIT_CONVERSION = YES;
				GCC_WARN_ABOUT_RETURN_TYPE = YES_ERROR;
				GCC_WARN_UNDECLARED_SELECTOR = YES;
				GCC_WARN_UNINITIALIZED_AUTOS = YES_AGGRESSIVE;
				GCC_WARN_UNUSED_FUNCTION = YES;
				GCC_WARN_UNUSED_VARIABLE = YES;
				IPHONEOS_DEPLOYMENT_TARGET = 16.0;
				MTL_ENABLE_DEBUG_INFO = NO;
				MTL_FAST_MATH = YES;
				SDKROOT = iphoneos;
				SWIFT_COMPILATION_MODE = wholemodule;
				SWIFT_OPTIMIZATION_LEVEL = "-O";
				VALIDATE_PRODUCT = YES;
			};
			name = Release;
		};
		84A7ECAF28E561D200CDD2BD /* Debug */ = {
			isa = XCBuildConfiguration;
			buildSettings = {
				ASSETCATALOG_COMPILER_APPICON_NAME = AppIcon;
				ASSETCATALOG_COMPILER_GLOBAL_ACCENT_COLOR_NAME = AccentColor;
				CODE_SIGN_STYLE = Automatic;
				CURRENT_PROJECT_VERSION = 1;
				DEVELOPMENT_TEAM = W54AJHRGJ2;
				GENERATE_INFOPLIST_FILE = YES;
				INFOPLIST_FILE = movieList_customTable/Info.plist;
				INFOPLIST_KEY_UIApplicationSupportsIndirectInputEvents = YES;
				INFOPLIST_KEY_UILaunchStoryboardName = LaunchScreen;
				INFOPLIST_KEY_UIMainStoryboardFile = Main;
				INFOPLIST_KEY_UISupportedInterfaceOrientations_iPad = "UIInterfaceOrientationPortrait UIInterfaceOrientationPortraitUpsideDown UIInterfaceOrientationLandscapeLeft UIInterfaceOrientationLandscapeRight";
				INFOPLIST_KEY_UISupportedInterfaceOrientations_iPhone = "UIInterfaceOrientationPortrait UIInterfaceOrientationLandscapeLeft UIInterfaceOrientationLandscapeRight";
				LD_RUNPATH_SEARCH_PATHS = (
					"$(inherited)",
					"@executable_path/Frameworks",
				);
				MARKETING_VERSION = 1.0;
				PRODUCT_BUNDLE_IDENTIFIER = "Yeh.com.movieList-customTable";
				PRODUCT_NAME = "$(TARGET_NAME)";
				SWIFT_EMIT_LOC_STRINGS = YES;
				SWIFT_VERSION = 5.0;
				TARGETED_DEVICE_FAMILY = "1,2";
			};
			name = Debug;
		};
		84A7ECB028E561D200CDD2BD /* Release */ = {
			isa = XCBuildConfiguration;
			buildSettings = {
				ASSETCATALOG_COMPILER_APPICON_NAME = AppIcon;
				ASSETCATALOG_COMPILER_GLOBAL_ACCENT_COLOR_NAME = AccentColor;
				CODE_SIGN_STYLE = Automatic;
				CURRENT_PROJECT_VERSION = 1;
				DEVELOPMENT_TEAM = W54AJHRGJ2;
				GENERATE_INFOPLIST_FILE = YES;
				INFOPLIST_FILE = movieList_customTable/Info.plist;
				INFOPLIST_KEY_UIApplicationSupportsIndirectInputEvents = YES;
				INFOPLIST_KEY_UILaunchStoryboardName = LaunchScreen;
				INFOPLIST_KEY_UIMainStoryboardFile = Main;
				INFOPLIST_KEY_UISupportedInterfaceOrientations_iPad = "UIInterfaceOrientationPortrait UIInterfaceOrientationPortraitUpsideDown UIInterfaceOrientationLandscapeLeft UIInterfaceOrientationLandscapeRight";
				INFOPLIST_KEY_UISupportedInterfaceOrientations_iPhone = "UIInterfaceOrientationPortrait UIInterfaceOrientationLandscapeLeft UIInterfaceOrientationLandscapeRight";
				LD_RUNPATH_SEARCH_PATHS = (
					"$(inherited)",
					"@executable_path/Frameworks",
				);
				MARKETING_VERSION = 1.0;
				PRODUCT_BUNDLE_IDENTIFIER = "Yeh.com.movieList-customTable";
				PRODUCT_NAME = "$(TARGET_NAME)";
				SWIFT_EMIT_LOC_STRINGS = YES;
				SWIFT_VERSION = 5.0;
				TARGETED_DEVICE_FAMILY = "1,2";
			};
			name = Release;
		};
/* End XCBuildConfiguration section */

/* Begin XCConfigurationList section */
		84A7EC9528E561D200CDD2BD /* Build configuration list for PBXProject "movieList_customTable" */ = {
			isa = XCConfigurationList;
			buildConfigurations = (
				84A7ECAC28E561D200CDD2BD /* Debug */,
				84A7ECAD28E561D200CDD2BD /* Release */,
			);
			defaultConfigurationIsVisible = 0;
			defaultConfigurationName = Release;
		};
		84A7ECAE28E561D200CDD2BD /* Build configuration list for PBXNativeTarget "movieList_customTable" */ = {
			isa = XCConfigurationList;
			buildConfigurations = (
				84A7ECAF28E561D200CDD2BD /* Debug */,
				84A7ECB028E561D200CDD2BD /* Release */,
			);
			defaultConfigurationIsVisible = 0;
			defaultConfigurationName = Release;
		};
/* End XCConfigurationList section */
	};
	rootObject = 84A7EC9228E561D200CDD2BD /* Project object */;
}
